
Microsoft Visual Studio Solution File, Format Version 12.00
# Visual Studio 15
VisualStudioVersion = 15.0.27428.2011
MinimumVisualStudioVersion = 10.0.40219.1
Project("{FAE04EC0-301F-11D3-BF4B-00C04F79EFBC}") = "ClassDiagramMaker.NET", "ClassDiagramMaker.NET\ClassDiagramMaker.NET.csproj", "{3F645414-E3D7-4E3D-95BC-9E9012396ECD}"
EndProject
Global
	GlobalSection(SolutionConfigurationPlatforms) = preSolution
		Debug|Any CPU = Debug|Any CPU
		Release|Any CPU = Release|Any CPU
	EndGlobalSection
	GlobalSection(ProjectConfigurationPlatforms) = postSolution
		{3F645414-E3D7-4E3D-95BC-9E9012396ECD}.Debug|Any CPU.ActiveCfg = Debug|Any CPU
		{3F645414-E3D7-4E3D-95BC-9E9012396ECD}.Debug|Any CPU.Build.0 = Debug|Any CPU
		{3F645414-E3D7-4E3D-95BC-9E9012396ECD}.Release|Any CPU.ActiveCfg = Release|Any CPU
		{3F645414-E3D7-4E3D-95BC-9E9012396ECD}.Release|Any CPU.Build.0 = Release|Any CPU
	EndGlobalSection
	GlobalSection(SolutionProperties) = preSolution
		HideSolutionNode = FALSE
	EndGlobalSection
	GlobalSection(ExtensibilityGlobals) = postSolution
		SolutionGuid = {6CE20742-5460-4D8D-811E-5F5B2BC53BD6}
	EndGlobalSection
EndGlobal
